
Microsoft Visual Studio Solution File, Format Version 12.00
# Visual Studio Version 16
VisualStudioVersion = 16.0.30413.136
MinimumVisualStudioVersion = 10.0.40219.1
Project("{FAE04EC0-301F-11D3-BF4B-00C04F79EFBC}") = "DataSaveLab1Wpf", "DataSaveLab1Wpf\DataSaveLab1Wpf.csproj", "{BD3223D9-D0D7-4F3D-AAE7-63B900DD27D2}"
EndProject
Global
	GlobalSection(SolutionConfigurationPlatforms) = preSolution
		Debug|Any CPU = Debug|Any CPU
		Release|Any CPU = Release|Any CPU
	EndGlobalSection
	GlobalSection(ProjectConfigurationPlatforms) = postSolution
		{BD3223D9-D0D7-4F3D-AAE7-63B900DD27D2}.Debug|Any CPU.ActiveCfg = Debug|Any CPU
		{BD3223D9-D0D7-4F3D-AAE7-63B900DD27D2}.Debug|Any CPU.Build.0 = Debug|Any CPU
		{BD3223D9-D0D7-4F3D-AAE7-63B900DD27D2}.Release|Any CPU.ActiveCfg = Release|Any CPU
		{BD3223D9-D0D7-4F3D-AAE7-63B900DD27D2}.Release|Any CPU.Build.0 = Release|Any CPU
	EndGlobalSection
	GlobalSection(SolutionProperties) = preSolution
		HideSolutionNode = FALSE
	EndGlobalSection
	GlobalSection(ExtensibilityGlobals) = postSolution
		SolutionGuid = {0D23A855-5BED-40BC-B3EC-60CA102103BE}
	EndGlobalSection
EndGlobal
